
Microsoft Visual Studio Solution File, Format Version 12.00
# Visual Studio 15
VisualStudioVersion = 15.0.28307.271
MinimumVisualStudioVersion = 10.0.40219.1
Project("{FAE04EC0-301F-11D3-BF4B-00C04F79EFBC}") = "Assignment1", "Assignment1\Assignment1.csproj", "{040D707F-F714-48C2-BB05-37500241E9AA}"
EndProject
Global
	GlobalSection(SolutionConfigurationPlatforms) = preSolution
		Debug|Any CPU = Debug|Any CPU
		Release|Any CPU = Release|Any CPU
	EndGlobalSection
	GlobalSection(ProjectConfigurationPlatforms) = postSolution
		{040D707F-F714-48C2-BB05-37500241E9AA}.Debug|Any CPU.ActiveCfg = Debug|Any CPU
		{040D707F-F714-48C2-BB05-37500241E9AA}.Debug|Any CPU.Build.0 = Debug|Any CPU
		{040D707F-F714-48C2-BB05-37500241E9AA}.Release|Any CPU.ActiveCfg = Release|Any CPU
		{040D707F-F714-48C2-BB05-37500241E9AA}.Release|Any CPU.Build.0 = Release|Any CPU
	EndGlobalSection
	GlobalSection(SolutionProperties) = preSolution
		HideSolutionNode = FALSE
	EndGlobalSection
	GlobalSection(ExtensibilityGlobals) = postSolution
		SolutionGuid = {520AF19A-1CC2-4208-894F-A24AFC8C6C3A}
	EndGlobalSection
EndGlobal
